
Microsoft Visual Studio Solution File, Format Version 12.00
# Visual Studio Version 17
VisualStudioVersion = 17.5.002.0
MinimumVisualStudioVersion = 10.0.40219.1
Project("{9A19103F-16F7-4668-BE54-9A1E7A4F7556}") = "task13", "task13.csproj", "{E23A9483-024B-489E-8F88-487105817CCE}"
EndProject
Global
	GlobalSection(SolutionConfigurationPlatforms) = preSolution
		Debug|Any CPU = Debug|Any CPU
		Release|Any CPU = Release|Any CPU
	EndGlobalSection
	GlobalSection(ProjectConfigurationPlatforms) = postSolution
		{E23A9483-024B-489E-8F88-487105817CCE}.Debug|Any CPU.ActiveCfg = Debug|Any CPU
		{E23A9483-024B-489E-8F88-487105817CCE}.Debug|Any CPU.Build.0 = Debug|Any CPU
		{E23A9483-024B-489E-8F88-487105817CCE}.Release|Any CPU.ActiveCfg = Release|Any CPU
		{E23A9483-024B-489E-8F88-487105817CCE}.Release|Any CPU.Build.0 = Release|Any CPU
	EndGlobalSection
	GlobalSection(SolutionProperties) = preSolution
		HideSolutionNode = FALSE
	EndGlobalSection
	GlobalSection(ExtensibilityGlobals) = postSolution
		SolutionGuid = {0CDDB32F-C198-43BE-95C6-87AF7AA7B848}
	EndGlobalSection
EndGlobal
